// !$*UTF8*$!
{
	archiveVersion = 1;
	classes = {
	};
	objectVersion = 46;
	objects = {

/* Begin PBXBuildFile section */
		10A56AE077DD41FAA5EF922F /* libPods.a in Frameworks */ = {isa = PBXBuildFile; fileRef = 7EA80B95489B43109536F774 /* libPods.a */; };
		4655A74F1931F35E007D4407 /* Foundation.framework in Frameworks */ = {isa = PBXBuildFile; fileRef = 4655A74E1931F35E007D4407 /* Foundation.framework */; };
		4655A7511931F35E007D4407 /* CoreGraphics.framework in Frameworks */ = {isa = PBXBuildFile; fileRef = 4655A7501931F35E007D4407 /* CoreGraphics.framework */; };
		4655A7531931F35E007D4407 /* UIKit.framework in Frameworks */ = {isa = PBXBuildFile; fileRef = 4655A7521931F35E007D4407 /* UIKit.framework */; };
		4655A7591931F35E007D4407 /* InfoPlist.strings in Resources */ = {isa = PBXBuildFile; fileRef = 4655A7571931F35E007D4407 /* InfoPlist.strings */; };
		4655A75B1931F35E007D4407 /* main.m in Sources */ = {isa = PBXBuildFile; fileRef = 4655A75A1931F35E007D4407 /* main.m */; };
		4655A75F1931F35E007D4407 /* BLAppDelegate.m in Sources */ = {isa = PBXBuildFile; fileRef = 4655A75E1931F35E007D4407 /* BLAppDelegate.m */; };
		4655A7621931F35E007D4407 /* Main.storyboard in Resources */ = {isa = PBXBuildFile; fileRef = 4655A7601931F35E007D4407 /* Main.storyboard */; };
		4655A7651931F35E007D4407 /* BLViewController.m in Sources */ = {isa = PBXBuildFile; fileRef = 4655A7641931F35E007D4407 /* BLViewController.m */; };
		4655A7671931F35E007D4407 /* Images.xcassets in Resources */ = {isa = PBXBuildFile; fileRef = 4655A7661931F35E007D4407 /* Images.xcassets */; };
		4655A76E1931F35E007D4407 /* XCTest.framework in Frameworks */ = {isa = PBXBuildFile; fileRef = 4655A76D1931F35E007D4407 /* XCTest.framework */; };
		4655A76F1931F35E007D4407 /* Foundation.framework in Frameworks */ = {isa = PBXBuildFile; fileRef = 4655A74E1931F35E007D4407 /* Foundation.framework */; };
		4655A7701931F35E007D4407 /* UIKit.framework in Frameworks */ = {isa = PBXBuildFile; fileRef = 4655A7521931F35E007D4407 /* UIKit.framework */; };
		4655A7781931F35E007D4407 /* InfoPlist.strings in Resources */ = {isa = PBXBuildFile; fileRef = 4655A7761931F35E007D4407 /* InfoPlist.strings */; };
		4655A77A1931F35E007D4407 /* BlisstTests.m in Sources */ = {isa = PBXBuildFile; fileRef = 4655A7791931F35E007D4407 /* BlisstTests.m */; };
		46A0748C1931F454004240FA /* BLListObject.m in Sources */ = {isa = PBXBuildFile; fileRef = 46A0748B1931F454004240FA /* BLListObject.m */; };
		46A0748F1931F4CA004240FA /* BLTaskObject.m in Sources */ = {isa = PBXBuildFile; fileRef = 46A0748E1931F4CA004240FA /* BLTaskObject.m */; };
		46A074921931F589004240FA /* BLListTableViewCell.m in Sources */ = {isa = PBXBuildFile; fileRef = 46A074911931F589004240FA /* BLListTableViewCell.m */; };
		46A0749C1931FC77004240FA /* check.png in Resources */ = {isa = PBXBuildFile; fileRef = 46A074941931FC77004240FA /* check.png */; };
		46A0749D1931FC77004240FA /* check@2x.png in Resources */ = {isa = PBXBuildFile; fileRef = 46A074951931FC77004240FA /* check@2x.png */; };
		46A0749E1931FC77004240FA /* clock.png in Resources */ = {isa = PBXBuildFile; fileRef = 46A074961931FC77004240FA /* clock.png */; };
		46A0749F1931FC77004240FA /* clock@2x.png in Resources */ = {isa = PBXBuildFile; fileRef = 46A074971931FC77004240FA /* clock@2x.png */; };
		46A074A01931FC77004240FA /* cross.png in Resources */ = {isa = PBXBuildFile; fileRef = 46A074981931FC77004240FA /* cross.png */; };
		46A074A11931FC77004240FA /* cross@2x.png in Resources */ = {isa = PBXBuildFile; fileRef = 46A074991931FC77004240FA /* cross@2x.png */; };
		46A074A21931FC77004240FA /* list.png in Resources */ = {isa = PBXBuildFile; fileRef = 46A0749A1931FC77004240FA /* list.png */; };
		46A074A31931FC77004240FA /* list@2x.png in Resources */ = {isa = PBXBuildFile; fileRef = 46A0749B1931FC77004240FA /* list@2x.png */; };
		46A96F7C19322222002BD2A9 /* BLTaskTableViewController.m in Sources */ = {isa = PBXBuildFile; fileRef = 46A96F7B19322222002BD2A9 /* BLTaskTableViewController.m */; };
/* End PBXBuildFile section */

/* Begin PBXContainerItemProxy section */
		4655A7711931F35E007D4407 /* PBXContainerItemProxy */ = {
			isa = PBXContainerItemProxy;
			containerPortal = 4655A7431931F35E007D4407 /* Project object */;
			proxyType = 1;
			remoteGlobalIDString = 4655A74A1931F35E007D4407;
			remoteInfo = Blisst;
		};
/* End PBXContainerItemProxy section */

/* Begin PBXFileReference section */
		4655A74B1931F35E007D4407 /* Blisst.app */ = {isa = PBXFileReference; explicitFileType = wrapper.application; includeInIndex = 0; path = Blisst.app; sourceTree = BUILT_PRODUCTS_DIR; };
		4655A74E1931F35E007D4407 /* Foundation.framework */ = {isa = PBXFileReference; lastKnownFileType = wrapper.framework; name = Foundation.framework; path = System/Library/Frameworks/Foundation.framework; sourceTree = SDKROOT; };
		4655A7501931F35E007D4407 /* CoreGraphics.framework */ = {isa = PBXFileReference; lastKnownFileType = wrapper.framework; name = CoreGraphics.framework; path = System/Library/Frameworks/CoreGraphics.framework; sourceTree = SDKROOT; };
		4655A7521931F35E007D4407 /* UIKit.framework */ = {isa = PBXFileReference; lastKnownFileType = wrapper.framework; name = UIKit.framework; path = System/Library/Frameworks/UIKit.framework; sourceTree = SDKROOT; };
		4655A7561931F35E007D4407 /* Blisst-Info.plist */ = {isa = PBXFileReference; lastKnownFileType = text.plist.xml; path = "Blisst-Info.plist"; sourceTree = "<group>"; };
		4655A7581931F35E007D4407 /* en */ = {isa = PBXFileReference; lastKnownFileType = text.plist.strings; name = en; path = en.lproj/InfoPlist.strings; sourceTree = "<group>"; };
		4655A75A1931F35E007D4407 /* main.m */ = {isa = PBXFileReference; lastKnownFileType = sourcecode.c.objc; path = main.m; sourceTree = "<group>"; };
		4655A75C1931F35E007D4407 /* Blisst-Prefix.pch */ = {isa = PBXFileReference; lastKnownFileType = sourcecode.c.h; path = "Blisst-Prefix.pch"; sourceTree = "<group>"; };
		4655A75D1931F35E007D4407 /* BLAppDelegate.h */ = {isa = PBXFileReference; lastKnownFileType = sourcecode.c.h; path = BLAppDelegate.h; sourceTree = "<group>"; };
		4655A75E1931F35E007D4407 /* BLAppDelegate.m */ = {isa = PBXFileReference; lastKnownFileType = sourcecode.c.objc; path = BLAppDelegate.m; sourceTree = "<group>"; };
		4655A7611931F35E007D4407 /* Base */ = {isa = PBXFileReference; lastKnownFileType = file.storyboard; name = Base; path = Base.lproj/Main.storyboard; sourceTree = "<group>"; };
		4655A7631931F35E007D4407 /* BLViewController.h */ = {isa = PBXFileReference; lastKnownFileType = sourcecode.c.h; path = BLViewController.h; sourceTree = "<group>"; };
		4655A7641931F35E007D4407 /* BLViewController.m */ = {isa = PBXFileReference; lastKnownFileType = sourcecode.c.objc; path = BLViewController.m; sourceTree = "<group>"; };
		4655A7661931F35E007D4407 /* Images.xcassets */ = {isa = PBXFileReference; lastKnownFileType = folder.assetcatalog; path = Images.xcassets; sourceTree = "<group>"; };
		4655A76C1931F35E007D4407 /* BlisstTests.xctest */ = {isa = PBXFileReference; explicitFileType = wrapper.cfbundle; includeInIndex = 0; path = BlisstTests.xctest; sourceTree = BUILT_PRODUCTS_DIR; };
		4655A76D1931F35E007D4407 /* XCTest.framework */ = {isa = PBXFileReference; lastKnownFileType = wrapper.framework; name = XCTest.framework; path = Library/Frameworks/XCTest.framework; sourceTree = DEVELOPER_DIR; };
		4655A7751931F35E007D4407 /* BlisstTests-Info.plist */ = {isa = PBXFileReference; lastKnownFileType = text.plist.xml; path = "BlisstTests-Info.plist"; sourceTree = "<group>"; };
		4655A7771931F35E007D4407 /* en */ = {isa = PBXFileReference; lastKnownFileType = text.plist.strings; name = en; path = en.lproj/InfoPlist.strings; sourceTree = "<group>"; };
		4655A7791931F35E007D4407 /* BlisstTests.m */ = {isa = PBXFileReference; lastKnownFileType = sourcecode.c.objc; path = BlisstTests.m; sourceTree = "<group>"; };
		46A0748A1931F454004240FA /* BLListObject.h */ = {isa = PBXFileReference; fileEncoding = 4; lastKnownFileType = sourcecode.c.h; path = BLListObject.h; sourceTree = "<group>"; };
		46A0748B1931F454004240FA /* BLListObject.m */ = {isa = PBXFileReference; fileEncoding = 4; lastKnownFileType = sourcecode.c.objc; path = BLListObject.m; sourceTree = "<group>"; };
		46A0748D1931F4CA004240FA /* BLTaskObject.h */ = {isa = PBXFileReference; fileEncoding = 4; lastKnownFileType = sourcecode.c.h; path = BLTaskObject.h; sourceTree = "<group>"; };
		46A0748E1931F4CA004240FA /* BLTaskObject.m */ = {isa = PBXFileReference; fileEncoding = 4; lastKnownFileType = sourcecode.c.objc; path = BLTaskObject.m; sourceTree = "<group>"; };
		46A074901931F589004240FA /* BLListTableViewCell.h */ = {isa = PBXFileReference; fileEncoding = 4; lastKnownFileType = sourcecode.c.h; path = BLListTableViewCell.h; sourceTree = "<group>"; };
		46A074911931F589004240FA /* BLListTableViewCell.m */ = {isa = PBXFileReference; fileEncoding = 4; lastKnownFileType = sourcecode.c.objc; path = BLListTableViewCell.m; sourceTree = "<group>"; };
		46A074941931FC77004240FA /* check.png */ = {isa = PBXFileReference; lastKnownFileType = image.png; path = check.png; sourceTree = "<group>"; };
		46A074951931FC77004240FA /* check@2x.png */ = {isa = PBXFileReference; lastKnownFileType = image.png; path = "check@2x.png"; sourceTree = "<group>"; };
		46A074961931FC77004240FA /* clock.png */ = {isa = PBXFileReference; lastKnownFileType = image.png; path = clock.png; sourceTree = "<group>"; };
		46A074971931FC77004240FA /* clock@2x.png */ = {isa = PBXFileReference; lastKnownFileType = image.png; path = "clock@2x.png"; sourceTree = "<group>"; };
		46A074981931FC77004240FA /* cross.png */ = {isa = PBXFileReference; lastKnownFileType = image.png; path = cross.png; sourceTree = "<group>"; };
		46A074991931FC77004240FA /* cross@2x.png */ = {isa = PBXFileReference; lastKnownFileType = image.png; path = "cross@2x.png"; sourceTree = "<group>"; };
		46A0749A1931FC77004240FA /* list.png */ = {isa = PBXFileReference; lastKnownFileType = image.png; path = list.png; sourceTree = "<group>"; };
		46A0749B1931FC77004240FA /* list@2x.png */ = {isa = PBXFileReference; lastKnownFileType = image.png; path = "list@2x.png"; sourceTree = "<group>"; };
		46A96F7A19322222002BD2A9 /* BLTaskTableViewController.h */ = {isa = PBXFileReference; fileEncoding = 4; lastKnownFileType = sourcecode.c.h; path = BLTaskTableViewController.h; sourceTree = "<group>"; };
		46A96F7B19322222002BD2A9 /* BLTaskTableViewController.m */ = {isa = PBXFileReference; fileEncoding = 4; lastKnownFileType = sourcecode.c.objc; path = BLTaskTableViewController.m; sourceTree = "<group>"; };
		7EA80B95489B43109536F774 /* libPods.a */ = {isa = PBXFileReference; explicitFileType = archive.ar; includeInIndex = 0; path = libPods.a; sourceTree = BUILT_PRODUCTS_DIR; };
		AA79C9660CD2407BB00DE18D /* Pods.xcconfig */ = {isa = PBXFileReference; includeInIndex = 1; lastKnownFileType = text.xcconfig; name = Pods.xcconfig; path = Pods/Pods.xcconfig; sourceTree = "<group>"; };
/* End PBXFileReference section */

/* Begin PBXFrameworksBuildPhase section */
		4655A7481931F35E007D4407 /* Frameworks */ = {
			isa = PBXFrameworksBuildPhase;
			buildActionMask = 2147483647;
			files = (
				4655A7511931F35E007D4407 /* CoreGraphics.framework in Frameworks */,
				4655A7531931F35E007D4407 /* UIKit.framework in Frameworks */,
				4655A74F1931F35E007D4407 /* Foundation.framework in Frameworks */,
				10A56AE077DD41FAA5EF922F /* libPods.a in Frameworks */,
			);
			runOnlyForDeploymentPostprocessing = 0;
		};
		4655A7691931F35E007D4407 /* Frameworks */ = {
			isa = PBXFrameworksBuildPhase;
			buildActionMask = 2147483647;
			files = (
				4655A76E1931F35E007D4407 /* XCTest.framework in Frameworks */,
				4655A7701931F35E007D4407 /* UIKit.framework in Frameworks */,
				4655A76F1931F35E007D4407 /* Foundation.framework in Frameworks */,
			);
			runOnlyForDeploymentPostprocessing = 0;
		};
/* End PBXFrameworksBuildPhase section */

/* Begin PBXGroup section */
		4655A7421931F35E007D4407 = {
			isa = PBXGroup;
			children = (
				4655A7541931F35E007D4407 /* Blisst */,
				4655A7731931F35E007D4407 /* BlisstTests */,
				4655A74D1931F35E007D4407 /* Frameworks */,
				4655A74C1931F35E007D4407 /* Products */,
				AA79C9660CD2407BB00DE18D /* Pods.xcconfig */,
			);
			sourceTree = "<group>";
		};
		4655A74C1931F35E007D4407 /* Products */ = {
			isa = PBXGroup;
			children = (
				4655A74B1931F35E007D4407 /* Blisst.app */,
				4655A76C1931F35E007D4407 /* BlisstTests.xctest */,
			);
			name = Products;
			sourceTree = "<group>";
		};
		4655A74D1931F35E007D4407 /* Frameworks */ = {
			isa = PBXGroup;
			children = (
				4655A74E1931F35E007D4407 /* Foundation.framework */,
				4655A7501931F35E007D4407 /* CoreGraphics.framework */,
				4655A7521931F35E007D4407 /* UIKit.framework */,
				4655A76D1931F35E007D4407 /* XCTest.framework */,
				7EA80B95489B43109536F774 /* libPods.a */,
			);
			name = Frameworks;
			sourceTree = "<group>";
		};
		4655A7541931F35E007D4407 /* Blisst */ = {
			isa = PBXGroup;
			children = (
				4655A75D1931F35E007D4407 /* BLAppDelegate.h */,
				4655A75E1931F35E007D4407 /* BLAppDelegate.m */,
				4655A7601931F35E007D4407 /* Main.storyboard */,
				4655A7631931F35E007D4407 /* BLViewController.h */,
				4655A7641931F35E007D4407 /* BLViewController.m */,
				46A96F7A19322222002BD2A9 /* BLTaskTableViewController.h */,
				46A96F7B19322222002BD2A9 /* BLTaskTableViewController.m */,
				46A074901931F589004240FA /* BLListTableViewCell.h */,
				46A074911931F589004240FA /* BLListTableViewCell.m */,
				46A0748A1931F454004240FA /* BLListObject.h */,
				46A0748B1931F454004240FA /* BLListObject.m */,
				46A0748D1931F4CA004240FA /* BLTaskObject.h */,
				46A0748E1931F4CA004240FA /* BLTaskObject.m */,
				4655A7661931F35E007D4407 /* Images.xcassets */,
				46A074931931FC77004240FA /* Images */,
				4655A7551931F35E007D4407 /* Supporting Files */,
			);
			path = Blisst;
			sourceTree = "<group>";
		};
		4655A7551931F35E007D4407 /* Supporting Files */ = {
			isa = PBXGroup;
			children = (
				4655A7561931F35E007D4407 /* Blisst-Info.plist */,
				4655A7571931F35E007D4407 /* InfoPlist.strings */,
				4655A75A1931F35E007D4407 /* main.m */,
				4655A75C1931F35E007D4407 /* Blisst-Prefix.pch */,
			);
			name = "Supporting Files";
			sourceTree = "<group>";
		};
		4655A7731931F35E007D4407 /* BlisstTests */ = {
			isa = PBXGroup;
			children = (
				4655A7791931F35E007D4407 /* BlisstTests.m */,
				4655A7741931F35E007D4407 /* Supporting Files */,
			);
			path = BlisstTests;
			sourceTree = "<group>";
		};
		4655A7741931F35E007D4407 /* Supporting Files */ = {
			isa = PBXGroup;
			children = (
				4655A7751931F35E007D4407 /* BlisstTests-Info.plist */,
				4655A7761931F35E007D4407 /* InfoPlist.strings */,
			);
			name = "Supporting Files";
			sourceTree = "<group>";
		};
		46A074931931FC77004240FA /* Images */ = {
			isa = PBXGroup;
			children = (
				46A074941931FC77004240FA /* check.png */,
				46A074951931FC77004240FA /* check@2x.png */,
				46A074961931FC77004240FA /* clock.png */,
				46A074971931FC77004240FA /* clock@2x.png */,
				46A074981931FC77004240FA /* cross.png */,
				46A074991931FC77004240FA /* cross@2x.png */,
				46A0749A1931FC77004240FA /* list.png */,
				46A0749B1931FC77004240FA /* list@2x.png */,
			);
			path = Images;
			sourceTree = "<group>";
		};
/* End PBXGroup section */

/* Begin PBXNativeTarget section */
		4655A74A1931F35E007D4407 /* Blisst */ = {
			isa = PBXNativeTarget;
			buildConfigurationList = 4655A77D1931F35E007D4407 /* Build configuration list for PBXNativeTarget "Blisst" */;
			buildPhases = (
				AAEE78473892455FB020E9B3 /* Check Pods Manifest.lock */,
				4655A7471931F35E007D4407 /* Sources */,
				4655A7481931F35E007D4407 /* Frameworks */,
				4655A7491931F35E007D4407 /* Resources */,
				E42B45B669C64AA99AF4C9D7 /* Copy Pods Resources */,
			);
			buildRules = (
			);
			dependencies = (
			);
			name = Blisst;
			productName = Blisst;
			productReference = 4655A74B1931F35E007D4407 /* Blisst.app */;
			productType = "com.apple.product-type.application";
		};
		4655A76B1931F35E007D4407 /* BlisstTests */ = {
			isa = PBXNativeTarget;
			buildConfigurationList = 4655A7801931F35E007D4407 /* Build configuration list for PBXNativeTarget "BlisstTests" */;
			buildPhases = (
				4655A7681931F35E007D4407 /* Sources */,
				4655A7691931F35E007D4407 /* Frameworks */,
				4655A76A1931F35E007D4407 /* Resources */,
			);
			buildRules = (
			);
			dependencies = (
				4655A7721931F35E007D4407 /* PBXTargetDependency */,
			);
			name = BlisstTests;
			productName = BlisstTests;
			productReference = 4655A76C1931F35E007D4407 /* BlisstTests.xctest */;
			productType = "com.apple.product-type.bundle.unit-test";
		};
/* End PBXNativeTarget section */

/* Begin PBXProject section */
		4655A7431931F35E007D4407 /* Project object */ = {
			isa = PBXProject;
			attributes = {
				CLASSPREFIX = BL;
				LastUpgradeCheck = 0510;
				ORGANIZATIONNAME = "Andrew Breckenridge";
				TargetAttributes = {
					4655A76B1931F35E007D4407 = {
						TestTargetID = 4655A74A1931F35E007D4407;
					};
				};
			};
			buildConfigurationList = 4655A7461931F35E007D4407 /* Build configuration list for PBXProject "Blisst" */;
			compatibilityVersion = "Xcode 3.2";
			developmentRegion = English;
			hasScannedForEncodings = 0;
			knownRegions = (
				en,
				Base,
			);
			mainGroup = 4655A7421931F35E007D4407;
			productRefGroup = 4655A74C1931F35E007D4407 /* Products */;
			projectDirPath = "";
			projectRoot = "";
			targets = (
				4655A74A1931F35E007D4407 /* Blisst */,
				4655A76B1931F35E007D4407 /* BlisstTests */,
			);
		};
/* End PBXProject section */

/* Begin PBXResourcesBuildPhase section */
		4655A7491931F35E007D4407 /* Resources */ = {
			isa = PBXResourcesBuildPhase;
			buildActionMask = 2147483647;
			files = (
				46A0749E1931FC77004240FA /* clock.png in Resources */,
				46A074A21931FC77004240FA /* list.png in Resources */,
				46A0749D1931FC77004240FA /* check@2x.png in Resources */,
				4655A7671931F35E007D4407 /* Images.xcassets in Resources */,
				4655A7591931F35E007D4407 /* InfoPlist.strings in Resources */,
				46A0749F1931FC77004240FA /* clock@2x.png in Resources */,
				46A074A11931FC77004240FA /* cross@2x.png in Resources */,
				46A0749C1931FC77004240FA /* check.png in Resources */,
				46A074A01931FC77004240FA /* cross.png in Resources */,
				46A074A31931FC77004240FA /* list@2x.png in Resources */,
				4655A7621931F35E007D4407 /* Main.storyboard in Resources */,
			);
			runOnlyForDeploymentPostprocessing = 0;
		};
		4655A76A1931F35E007D4407 /* Resources */ = {
			isa = PBXResourcesBuildPhase;
			buildActionMask = 2147483647;
			files = (
				4655A7781931F35E007D4407 /* InfoPlist.strings in Resources */,
			);
			runOnlyForDeploymentPostprocessing = 0;
		};
/* End PBXResourcesBuildPhase section */

/* Begin PBXShellScriptBuildPhase section */
		AAEE78473892455FB020E9B3 /* Check Pods Manifest.lock */ = {
			isa = PBXShellScriptBuildPhase;
			buildActionMask = 2147483647;
			files = (
			);
			inputPaths = (
			);
			name = "Check Pods Manifest.lock";
			outputPaths = (
			);
			runOnlyForDeploymentPostprocessing = 0;
			shellPath = /bin/sh;
			shellScript = "diff \"${PODS_ROOT}/../Podfile.lock\" \"${PODS_ROOT}/Manifest.lock\" > /dev/null\nif [[ $? != 0 ]] ; then\n    cat << EOM\nerror: The sandbox is not in sync with the Podfile.lock. Run 'pod install' or update your CocoaPods installation.\nEOM\n    exit 1\nfi\n";
			showEnvVarsInLog = 0;
		};
		E42B45B669C64AA99AF4C9D7 /* Copy Pods Resources */ = {
			isa = PBXShellScriptBuildPhase;
			buildActionMask = 2147483647;
			files = (
			);
			inputPaths = (
			);
			name = "Copy Pods Resources";
			outputPaths = (
			);
			runOnlyForDeploymentPostprocessing = 0;
			shellPath = /bin/sh;
			shellScript = "\"${SRCROOT}/Pods/Pods-resources.sh\"\n";
			showEnvVarsInLog = 0;
		};
/* End PBXShellScriptBuildPhase section */

/* Begin PBXSourcesBuildPhase section */
		4655A7471931F35E007D4407 /* Sources */ = {
			isa = PBXSourcesBuildPhase;
			buildActionMask = 2147483647;
			files = (
				4655A7651931F35E007D4407 /* BLViewController.m in Sources */,
				4655A75F1931F35E007D4407 /* BLAppDelegate.m in Sources */,
				46A0748C1931F454004240FA /* BLListObject.m in Sources */,
				46A96F7C19322222002BD2A9 /* BLTaskTableViewController.m in Sources */,
				46A074921931F589004240FA /* BLListTableViewCell.m in Sources */,
				4655A75B1931F35E007D4407 /* main.m in Sources */,
				46A0748F1931F4CA004240FA /* BLTaskObject.m in Sources */,
			);
			runOnlyForDeploymentPostprocessing = 0;
		};
		4655A7681931F35E007D4407 /* Sources */ = {
			isa = PBXSourcesBuildPhase;
			buildActionMask = 2147483647;
			files = (
				4655A77A1931F35E007D4407 /* BlisstTests.m in Sources */,
			);
			runOnlyForDeploymentPostprocessing = 0;
		};
/* End PBXSourcesBuildPhase section */

/* Begin PBXTargetDependency section */
		4655A7721931F35E007D4407 /* PBXTargetDependency */ = {
			isa = PBXTargetDependency;
			target = 4655A74A1931F35E007D4407 /* Blisst */;
			targetProxy = 4655A7711931F35E007D4407 /* PBXContainerItemProxy */;
		};
/* End PBXTargetDependency section */

/* Begin PBXVariantGroup section */
		4655A7571931F35E007D4407 /* InfoPlist.strings */ = {
			isa = PBXVariantGroup;
			children = (
				4655A7581931F35E007D4407 /* en */,
			);
			name = InfoPlist.strings;
			sourceTree = "<group>";
		};
		4655A7601931F35E007D4407 /* Main.storyboard */ = {
			isa = PBXVariantGroup;
			children = (
				4655A7611931F35E007D4407 /* Base */,
			);
			name = Main.storyboard;
			sourceTree = "<group>";
		};
		4655A7761931F35E007D4407 /* InfoPlist.strings */ = {
			isa = PBXVariantGroup;
			children = (
				4655A7771931F35E007D4407 /* en */,
			);
			name = InfoPlist.strings;
			sourceTree = "<group>";
		};
/* End PBXVariantGroup section */

/* Begin XCBuildConfiguration section */
		4655A77B1931F35E007D4407 /* Debug */ = {
			isa = XCBuildConfiguration;
			buildSettings = {
				ALWAYS_SEARCH_USER_PATHS = NO;
				CLANG_CXX_LANGUAGE_STANDARD = "gnu++0x";
				CLANG_CXX_LIBRARY = "libc++";
				CLANG_ENABLE_MODULES = YES;
				CLANG_ENABLE_OBJC_ARC = YES;
				CLANG_WARN_BOOL_CONVERSION = YES;
				CLANG_WARN_CONSTANT_CONVERSION = YES;
				CLANG_WARN_DIRECT_OBJC_ISA_USAGE = YES_ERROR;
				CLANG_WARN_EMPTY_BODY = YES;
				CLANG_WARN_ENUM_CONVERSION = YES;
				CLANG_WARN_INT_CONVERSION = YES;
				CLANG_WARN_OBJC_ROOT_CLASS = YES_ERROR;
				CLANG_WARN__DUPLICATE_METHOD_MATCH = YES;
				"CODE_SIGN_IDENTITY[sdk=iphoneos*]" = "iPhone Developer";
				COPY_PHASE_STRIP = NO;
				GCC_C_LANGUAGE_STANDARD = gnu99;
				GCC_DYNAMIC_NO_PIC = NO;
				GCC_OPTIMIZATION_LEVEL = 0;
				GCC_PREPROCESSOR_DEFINITIONS = (
					"DEBUG=1",
					"$(inherited)",
				);
				GCC_SYMBOLS_PRIVATE_EXTERN = NO;
				GCC_WARN_64_TO_32_BIT_CONVERSION = YES;
				GCC_WARN_ABOUT_RETURN_TYPE = YES_ERROR;
				GCC_WARN_UNDECLARED_SELECTOR = YES;
				GCC_WARN_UNINITIALIZED_AUTOS = YES_AGGRESSIVE;
				GCC_WARN_UNUSED_FUNCTION = YES;
				GCC_WARN_UNUSED_VARIABLE = YES;
				IPHONEOS_DEPLOYMENT_TARGET = 7.1;
				ONLY_ACTIVE_ARCH = YES;
				SDKROOT = iphoneos;
			};
			name = Debug;
		};
		4655A77C1931F35E007D4407 /* Release */ = {
			isa = XCBuildConfiguration;
			buildSettings = {
				ALWAYS_SEARCH_USER_PATHS = NO;
				CLANG_CXX_LANGUAGE_STANDARD = "gnu++0x";
				CLANG_CXX_LIBRARY = "libc++";
				CLANG_ENABLE_MODULES = YES;
				CLANG_ENABLE_OBJC_ARC = YES;
				CLANG_WARN_BOOL_CONVERSION = YES;
				CLANG_WARN_CONSTANT_CONVERSION = YES;
				CLANG_WARN_DIRECT_OBJC_ISA_USAGE = YES_ERROR;
				CLANG_WARN_EMPTY_BODY = YES;
				CLANG_WARN_ENUM_CONVERSION = YES;
				CLANG_WARN_INT_CONVERSION = YES;
				CLANG_WARN_OBJC_ROOT_CLASS = YES_ERROR;
				CLANG_WARN__DUPLICATE_METHOD_MATCH = YES;
				"CODE_SIGN_IDENTITY[sdk=iphoneos*]" = "iPhone Developer";
				COPY_PHASE_STRIP = YES;
				ENABLE_NS_ASSERTIONS = NO;
				GCC_C_LANGUAGE_STANDARD = gnu99;
				GCC_WARN_64_TO_32_BIT_CONVERSION = YES;
				GCC_WARN_ABOUT_RETURN_TYPE = YES_ERROR;
				GCC_WARN_UNDECLARED_SELECTOR = YES;
				GCC_WARN_UNINITIALIZED_AUTOS = YES_AGGRESSIVE;
				GCC_WARN_UNUSED_FUNCTION = YES;
				GCC_WARN_UNUSED_VARIABLE = YES;
				IPHONEOS_DEPLOYMENT_TARGET = 7.1;
				SDKROOT = iphoneos;
				VALIDATE_PRODUCT = YES;
			};
			name = Release;
		};
		4655A77E1931F35E007D4407 /* Debug */ = {
			isa = XCBuildConfiguration;
			baseConfigurationReference = AA79C9660CD2407BB00DE18D /* Pods.xcconfig */;
			buildSettings = {
				ASSETCATALOG_COMPILER_APPICON_NAME = AppIcon;
				ASSETCATALOG_COMPILER_LAUNCHIMAGE_NAME = LaunchImage;
				GCC_PRECOMPILE_PREFIX_HEADER = YES;
				GCC_PREFIX_HEADER = "Blisst/Blisst-Prefix.pch";
				INFOPLIST_FILE = "Blisst/Blisst-Info.plist";
				PRODUCT_NAME = "$(TARGET_NAME)";
				WRAPPER_EXTENSION = app;
			};
			name = Debug;
		};
		4655A77F1931F35E007D4407 /* Release */ = {
			isa = XCBuildConfiguration;
			baseConfigurationReference = AA79C9660CD2407BB00DE18D /* Pods.xcconfig */;
			buildSettings = {
				ASSETCATALOG_COMPILER_APPICON_NAME = AppIcon;
				ASSETCATALOG_COMPILER_LAUNCHIMAGE_NAME = LaunchImage;
				GCC_PRECOMPILE_PREFIX_HEADER = YES;
				GCC_PREFIX_HEADER = "Blisst/Blisst-Prefix.pch";
				INFOPLIST_FILE = "Blisst/Blisst-Info.plist";
				PRODUCT_NAME = "$(TARGET_NAME)";
				WRAPPER_EXTENSION = app;
			};
			name = Release;
		};
		4655A7811931F35E007D4407 /* Debug */ = {
			isa = XCBuildConfiguration;
			buildSettings = {
				BUNDLE_LOADER = "$(BUILT_PRODUCTS_DIR)/Blisst.app/Blisst";
				FRAMEWORK_SEARCH_PATHS = (
					"$(SDKROOT)/Developer/Library/Frameworks",
					"$(inherited)",
					"$(DEVELOPER_FRAMEWORKS_DIR)",
				);
				GCC_PRECOMPILE_PREFIX_HEADER = YES;
				GCC_PREFIX_HEADER = "Blisst/Blisst-Prefix.pch";
				GCC_PREPROCESSOR_DEFINITIONS = (
					"DEBUG=1",
					"$(inherited)",
				);
				INFOPLIST_FILE = "BlisstTests/BlisstTests-Info.plist";
				PRODUCT_NAME = "$(TARGET_NAME)";
				TEST_HOST = "$(BUNDLE_LOADER)";
				WRAPPER_EXTENSION = xctest;
			};
			name = Debug;
		};
		4655A7821931F35E007D4407 /* Release */ = {
			isa = XCBuildConfiguration;
			buildSettings = {
				BUNDLE_LOADER = "$(BUILT_PRODUCTS_DIR)/Blisst.app/Blisst";
				FRAMEWORK_SEARCH_PATHS = (
					"$(SDKROOT)/Developer/Library/Frameworks",
					"$(inherited)",
					"$(DEVELOPER_FRAMEWORKS_DIR)",
				);
				GCC_PRECOMPILE_PREFIX_HEADER = YES;
				GCC_PREFIX_HEADER = "Blisst/Blisst-Prefix.pch";
				INFOPLIST_FILE = "BlisstTests/BlisstTests-Info.plist";
				PRODUCT_NAME = "$(TARGET_NAME)";
				TEST_HOST = "$(BUNDLE_LOADER)";
				WRAPPER_EXTENSION = xctest;
			};
			name = Release;
		};
/* End XCBuildConfiguration section */

/* Begin XCConfigurationList section */
		4655A7461931F35E007D4407 /* Build configuration list for PBXProject "Blisst" */ = {
			isa = XCConfigurationList;
			buildConfigurations = (
				4655A77B1931F35E007D4407 /* Debug */,
				4655A77C1931F35E007D4407 /* Release */,
			);
			defaultConfigurationIsVisible = 0;
			defaultConfigurationName = Release;
		};
		4655A77D1931F35E007D4407 /* Build configuration list for PBXNativeTarget "Blisst" */ = {
			isa = XCConfigurationList;
			buildConfigurations = (
				4655A77E1931F35E007D4407 /* Debug */,
				4655A77F1931F35E007D4407 /* Release */,
			);
			defaultConfigurationIsVisible = 0;
			defaultConfigurationName = Release;
		};
		4655A7801931F35E007D4407 /* Build configuration list for PBXNativeTarget "BlisstTests" */ = {
			isa = XCConfigurationList;
			buildConfigurations = (
				4655A7811931F35E007D4407 /* Debug */,
				4655A7821931F35E007D4407 /* Release */,
			);
			defaultConfigurationIsVisible = 0;
			defaultConfigurationName = Release;
		};
/* End XCConfigurationList section */
	};
	rootObject = 4655A7431931F35E007D4407 /* Project object */;
}
