// !$*UTF8*$!
{
	archiveVersion = 1;
	classes = {
	};
	objectVersion = 46;
	objects = {

/* Begin PBXBuildFile section */
		46D6AA4E193CBD1300C1B094 /* Foundation.framework in Frameworks */ = {isa = PBXBuildFile; fileRef = 46D6AA4D193CBD1300C1B094 /* Foundation.framework */; };
		46D6AA50193CBD1300C1B094 /* CoreGraphics.framework in Frameworks */ = {isa = PBXBuildFile; fileRef = 46D6AA4F193CBD1300C1B094 /* CoreGraphics.framework */; };
		46D6AA52193CBD1300C1B094 /* UIKit.framework in Frameworks */ = {isa = PBXBuildFile; fileRef = 46D6AA51193CBD1300C1B094 /* UIKit.framework */; };
		46D6AA54193CBD1300C1B094 /* CoreData.framework in Frameworks */ = {isa = PBXBuildFile; fileRef = 46D6AA53193CBD1300C1B094 /* CoreData.framework */; };
		46D6AA5A193CBD1300C1B094 /* InfoPlist.strings in Resources */ = {isa = PBXBuildFile; fileRef = 46D6AA58193CBD1300C1B094 /* InfoPlist.strings */; };
		46D6AA5C193CBD1300C1B094 /* main.m in Sources */ = {isa = PBXBuildFile; fileRef = 46D6AA5B193CBD1300C1B094 /* main.m */; };
		46D6AA60193CBD1300C1B094 /* BAAppDelegate.m in Sources */ = {isa = PBXBuildFile; fileRef = 46D6AA5F193CBD1300C1B094 /* BAAppDelegate.m */; };
		46D6AA63193CBD1300C1B094 /* Blisst.xcdatamodeld in Sources */ = {isa = PBXBuildFile; fileRef = 46D6AA61193CBD1300C1B094 /* Blisst.xcdatamodeld */; };
		46D6AA65193CBD1300C1B094 /* Images.xcassets in Resources */ = {isa = PBXBuildFile; fileRef = 46D6AA64193CBD1300C1B094 /* Images.xcassets */; };
		46D6AA6C193CBD1300C1B094 /* XCTest.framework in Frameworks */ = {isa = PBXBuildFile; fileRef = 46D6AA6B193CBD1300C1B094 /* XCTest.framework */; };
		46D6AA6D193CBD1300C1B094 /* Foundation.framework in Frameworks */ = {isa = PBXBuildFile; fileRef = 46D6AA4D193CBD1300C1B094 /* Foundation.framework */; };
		46D6AA6E193CBD1300C1B094 /* UIKit.framework in Frameworks */ = {isa = PBXBuildFile; fileRef = 46D6AA51193CBD1300C1B094 /* UIKit.framework */; };
		46D6AA6F193CBD1300C1B094 /* CoreData.framework in Frameworks */ = {isa = PBXBuildFile; fileRef = 46D6AA53193CBD1300C1B094 /* CoreData.framework */; };
		46D6AA77193CBD1300C1B094 /* InfoPlist.strings in Resources */ = {isa = PBXBuildFile; fileRef = 46D6AA75193CBD1300C1B094 /* InfoPlist.strings */; };
		46D6AA79193CBD1300C1B094 /* BlisstTests.m in Sources */ = {isa = PBXBuildFile; fileRef = 46D6AA78193CBD1300C1B094 /* BlisstTests.m */; };
		46D6AA83193CBDD800C1B094 /* Main.storyboard in Resources */ = {isa = PBXBuildFile; fileRef = 46D6AA82193CBDD800C1B094 /* Main.storyboard */; };
		46D6AA86193CBE3000C1B094 /* BAListObject.m in Sources */ = {isa = PBXBuildFile; fileRef = 46D6AA85193CBE3000C1B094 /* BAListObject.m */; };
		46D6AA89193CBE3900C1B094 /* BATaskObject.m in Sources */ = {isa = PBXBuildFile; fileRef = 46D6AA88193CBE3900C1B094 /* BATaskObject.m */; };
		46D6AA8C193CC17F00C1B094 /* BAListTableViewController.m in Sources */ = {isa = PBXBuildFile; fileRef = 46D6AA8B193CC17F00C1B094 /* BAListTableViewController.m */; };
/* End PBXBuildFile section */

/* Begin PBXContainerItemProxy section */
		46D6AA70193CBD1300C1B094 /* PBXContainerItemProxy */ = {
			isa = PBXContainerItemProxy;
			containerPortal = 46D6AA42193CBD1300C1B094 /* Project object */;
			proxyType = 1;
			remoteGlobalIDString = 46D6AA49193CBD1300C1B094;
			remoteInfo = Blisst;
		};
/* End PBXContainerItemProxy section */

/* Begin PBXFileReference section */
		46D6AA4A193CBD1300C1B094 /* Blisst.app */ = {isa = PBXFileReference; explicitFileType = wrapper.application; includeInIndex = 0; path = Blisst.app; sourceTree = BUILT_PRODUCTS_DIR; };
		46D6AA4D193CBD1300C1B094 /* Foundation.framework */ = {isa = PBXFileReference; lastKnownFileType = wrapper.framework; name = Foundation.framework; path = System/Library/Frameworks/Foundation.framework; sourceTree = SDKROOT; };
		46D6AA4F193CBD1300C1B094 /* CoreGraphics.framework */ = {isa = PBXFileReference; lastKnownFileType = wrapper.framework; name = CoreGraphics.framework; path = System/Library/Frameworks/CoreGraphics.framework; sourceTree = SDKROOT; };
		46D6AA51193CBD1300C1B094 /* UIKit.framework */ = {isa = PBXFileReference; lastKnownFileType = wrapper.framework; name = UIKit.framework; path = System/Library/Frameworks/UIKit.framework; sourceTree = SDKROOT; };
		46D6AA53193CBD1300C1B094 /* CoreData.framework */ = {isa = PBXFileReference; lastKnownFileType = wrapper.framework; name = CoreData.framework; path = System/Library/Frameworks/CoreData.framework; sourceTree = SDKROOT; };
		46D6AA57193CBD1300C1B094 /* Blisst-Info.plist */ = {isa = PBXFileReference; lastKnownFileType = text.plist.xml; path = "Blisst-Info.plist"; sourceTree = "<group>"; };
		46D6AA59193CBD1300C1B094 /* en */ = {isa = PBXFileReference; lastKnownFileType = text.plist.strings; name = en; path = en.lproj/InfoPlist.strings; sourceTree = "<group>"; };
		46D6AA5B193CBD1300C1B094 /* main.m */ = {isa = PBXFileReference; lastKnownFileType = sourcecode.c.objc; path = main.m; sourceTree = "<group>"; };
		46D6AA5D193CBD1300C1B094 /* Blisst-Prefix.pch */ = {isa = PBXFileReference; lastKnownFileType = sourcecode.c.h; path = "Blisst-Prefix.pch"; sourceTree = "<group>"; };
		46D6AA5E193CBD1300C1B094 /* BAAppDelegate.h */ = {isa = PBXFileReference; lastKnownFileType = sourcecode.c.h; path = BAAppDelegate.h; sourceTree = "<group>"; };
		46D6AA5F193CBD1300C1B094 /* BAAppDelegate.m */ = {isa = PBXFileReference; lastKnownFileType = sourcecode.c.objc; path = BAAppDelegate.m; sourceTree = "<group>"; };
		46D6AA62193CBD1300C1B094 /* Blisst.xcdatamodel */ = {isa = PBXFileReference; lastKnownFileType = wrapper.xcdatamodel; path = Blisst.xcdatamodel; sourceTree = "<group>"; };
		46D6AA64193CBD1300C1B094 /* Images.xcassets */ = {isa = PBXFileReference; lastKnownFileType = folder.assetcatalog; path = Images.xcassets; sourceTree = "<group>"; };
		46D6AA6A193CBD1300C1B094 /* BlisstTests.xctest */ = {isa = PBXFileReference; explicitFileType = wrapper.cfbundle; includeInIndex = 0; path = BlisstTests.xctest; sourceTree = BUILT_PRODUCTS_DIR; };
		46D6AA6B193CBD1300C1B094 /* XCTest.framework */ = {isa = PBXFileReference; lastKnownFileType = wrapper.framework; name = XCTest.framework; path = Library/Frameworks/XCTest.framework; sourceTree = DEVELOPER_DIR; };
		46D6AA74193CBD1300C1B094 /* BlisstTests-Info.plist */ = {isa = PBXFileReference; lastKnownFileType = text.plist.xml; path = "BlisstTests-Info.plist"; sourceTree = "<group>"; };
		46D6AA76193CBD1300C1B094 /* en */ = {isa = PBXFileReference; lastKnownFileType = text.plist.strings; name = en; path = en.lproj/InfoPlist.strings; sourceTree = "<group>"; };
		46D6AA78193CBD1300C1B094 /* BlisstTests.m */ = {isa = PBXFileReference; lastKnownFileType = sourcecode.c.objc; path = BlisstTests.m; sourceTree = "<group>"; };
		46D6AA82193CBDD800C1B094 /* Main.storyboard */ = {isa = PBXFileReference; fileEncoding = 4; lastKnownFileType = file.storyboard; path = Main.storyboard; sourceTree = "<group>"; };
		46D6AA84193CBE3000C1B094 /* BAListObject.h */ = {isa = PBXFileReference; fileEncoding = 4; lastKnownFileType = sourcecode.c.h; path = BAListObject.h; sourceTree = "<group>"; };
		46D6AA85193CBE3000C1B094 /* BAListObject.m */ = {isa = PBXFileReference; fileEncoding = 4; lastKnownFileType = sourcecode.c.objc; path = BAListObject.m; sourceTree = "<group>"; };
		46D6AA87193CBE3900C1B094 /* BATaskObject.h */ = {isa = PBXFileReference; fileEncoding = 4; lastKnownFileType = sourcecode.c.h; path = BATaskObject.h; sourceTree = "<group>"; };
		46D6AA88193CBE3900C1B094 /* BATaskObject.m */ = {isa = PBXFileReference; fileEncoding = 4; lastKnownFileType = sourcecode.c.objc; path = BATaskObject.m; sourceTree = "<group>"; };
		46D6AA8A193CC17F00C1B094 /* BAListTableViewController.h */ = {isa = PBXFileReference; fileEncoding = 4; lastKnownFileType = sourcecode.c.h; path = BAListTableViewController.h; sourceTree = "<group>"; };
		46D6AA8B193CC17F00C1B094 /* BAListTableViewController.m */ = {isa = PBXFileReference; fileEncoding = 4; lastKnownFileType = sourcecode.c.objc; path = BAListTableViewController.m; sourceTree = "<group>"; };
/* End PBXFileReference section */

/* Begin PBXFrameworksBuildPhase section */
		46D6AA47193CBD1300C1B094 /* Frameworks */ = {
			isa = PBXFrameworksBuildPhase;
			buildActionMask = 2147483647;
			files = (
				46D6AA50193CBD1300C1B094 /* CoreGraphics.framework in Frameworks */,
				46D6AA54193CBD1300C1B094 /* CoreData.framework in Frameworks */,
				46D6AA52193CBD1300C1B094 /* UIKit.framework in Frameworks */,
				46D6AA4E193CBD1300C1B094 /* Foundation.framework in Frameworks */,
			);
			runOnlyForDeploymentPostprocessing = 0;
		};
		46D6AA67193CBD1300C1B094 /* Frameworks */ = {
			isa = PBXFrameworksBuildPhase;
			buildActionMask = 2147483647;
			files = (
				46D6AA6C193CBD1300C1B094 /* XCTest.framework in Frameworks */,
				46D6AA6F193CBD1300C1B094 /* CoreData.framework in Frameworks */,
				46D6AA6E193CBD1300C1B094 /* UIKit.framework in Frameworks */,
				46D6AA6D193CBD1300C1B094 /* Foundation.framework in Frameworks */,
			);
			runOnlyForDeploymentPostprocessing = 0;
		};
/* End PBXFrameworksBuildPhase section */

/* Begin PBXGroup section */
		46D6AA41193CBD1300C1B094 = {
			isa = PBXGroup;
			children = (
				46D6AA55193CBD1300C1B094 /* Blisst */,
				46D6AA72193CBD1300C1B094 /* BlisstTests */,
				46D6AA4C193CBD1300C1B094 /* Frameworks */,
				46D6AA4B193CBD1300C1B094 /* Products */,
			);
			sourceTree = "<group>";
		};
		46D6AA4B193CBD1300C1B094 /* Products */ = {
			isa = PBXGroup;
			children = (
				46D6AA4A193CBD1300C1B094 /* Blisst.app */,
				46D6AA6A193CBD1300C1B094 /* BlisstTests.xctest */,
			);
			name = Products;
			sourceTree = "<group>";
		};
		46D6AA4C193CBD1300C1B094 /* Frameworks */ = {
			isa = PBXGroup;
			children = (
				46D6AA4D193CBD1300C1B094 /* Foundation.framework */,
				46D6AA4F193CBD1300C1B094 /* CoreGraphics.framework */,
				46D6AA51193CBD1300C1B094 /* UIKit.framework */,
				46D6AA53193CBD1300C1B094 /* CoreData.framework */,
				46D6AA6B193CBD1300C1B094 /* XCTest.framework */,
			);
			name = Frameworks;
			sourceTree = "<group>";
		};
		46D6AA55193CBD1300C1B094 /* Blisst */ = {
			isa = PBXGroup;
			children = (
				46D6AA5E193CBD1300C1B094 /* BAAppDelegate.h */,
				46D6AA5F193CBD1300C1B094 /* BAAppDelegate.m */,
				46D6AA82193CBDD800C1B094 /* Main.storyboard */,
				46D6AA8A193CC17F00C1B094 /* BAListTableViewController.h */,
				46D6AA8B193CC17F00C1B094 /* BAListTableViewController.m */,
				46D6AA64193CBD1300C1B094 /* Images.xcassets */,
				46D6AA8D193CC18D00C1B094 /* Objects and Data */,
				46D6AA56193CBD1300C1B094 /* Supporting Files */,
			);
			path = Blisst;
			sourceTree = "<group>";
		};
		46D6AA56193CBD1300C1B094 /* Supporting Files */ = {
			isa = PBXGroup;
			children = (
				46D6AA57193CBD1300C1B094 /* Blisst-Info.plist */,
				46D6AA58193CBD1300C1B094 /* InfoPlist.strings */,
				46D6AA5B193CBD1300C1B094 /* main.m */,
				46D6AA5D193CBD1300C1B094 /* Blisst-Prefix.pch */,
			);
			name = "Supporting Files";
			sourceTree = "<group>";
		};
		46D6AA72193CBD1300C1B094 /* BlisstTests */ = {
			isa = PBXGroup;
			children = (
				46D6AA78193CBD1300C1B094 /* BlisstTests.m */,
				46D6AA73193CBD1300C1B094 /* Supporting Files */,
			);
			path = BlisstTests;
			sourceTree = "<group>";
		};
		46D6AA73193CBD1300C1B094 /* Supporting Files */ = {
			isa = PBXGroup;
			children = (
				46D6AA74193CBD1300C1B094 /* BlisstTests-Info.plist */,
				46D6AA75193CBD1300C1B094 /* InfoPlist.strings */,
			);
			name = "Supporting Files";
			sourceTree = "<group>";
		};
		46D6AA8D193CC18D00C1B094 /* Objects and Data */ = {
			isa = PBXGroup;
			children = (
				46D6AA61193CBD1300C1B094 /* Blisst.xcdatamodeld */,
				46D6AA84193CBE3000C1B094 /* BAListObject.h */,
				46D6AA85193CBE3000C1B094 /* BAListObject.m */,
				46D6AA87193CBE3900C1B094 /* BATaskObject.h */,
				46D6AA88193CBE3900C1B094 /* BATaskObject.m */,
			);
			name = "Objects and Data";
			sourceTree = "<group>";
		};
/* End PBXGroup section */

/* Begin PBXNativeTarget section */
		46D6AA49193CBD1300C1B094 /* Blisst */ = {
			isa = PBXNativeTarget;
			buildConfigurationList = 46D6AA7C193CBD1300C1B094 /* Build configuration list for PBXNativeTarget "Blisst" */;
			buildPhases = (
				46D6AA46193CBD1300C1B094 /* Sources */,
				46D6AA47193CBD1300C1B094 /* Frameworks */,
				46D6AA48193CBD1300C1B094 /* Resources */,
			);
			buildRules = (
			);
			dependencies = (
			);
			name = Blisst;
			productName = Blisst;
			productReference = 46D6AA4A193CBD1300C1B094 /* Blisst.app */;
			productType = "com.apple.product-type.application";
		};
		46D6AA69193CBD1300C1B094 /* BlisstTests */ = {
			isa = PBXNativeTarget;
			buildConfigurationList = 46D6AA7F193CBD1300C1B094 /* Build configuration list for PBXNativeTarget "BlisstTests" */;
			buildPhases = (
				46D6AA66193CBD1300C1B094 /* Sources */,
				46D6AA67193CBD1300C1B094 /* Frameworks */,
				46D6AA68193CBD1300C1B094 /* Resources */,
			);
			buildRules = (
			);
			dependencies = (
				46D6AA71193CBD1300C1B094 /* PBXTargetDependency */,
			);
			name = BlisstTests;
			productName = BlisstTests;
			productReference = 46D6AA6A193CBD1300C1B094 /* BlisstTests.xctest */;
			productType = "com.apple.product-type.bundle.unit-test";
		};
/* End PBXNativeTarget section */

/* Begin PBXProject section */
		46D6AA42193CBD1300C1B094 /* Project object */ = {
			isa = PBXProject;
			attributes = {
				CLASSPREFIX = BA;
				LastUpgradeCheck = 0510;
				ORGANIZATIONNAME = "___FULLUSERNAME___";
				TargetAttributes = {
					46D6AA49193CBD1300C1B094 = {
						DevelopmentTeam = JQUR3MJ3GB;
					};
					46D6AA69193CBD1300C1B094 = {
						TestTargetID = 46D6AA49193CBD1300C1B094;
					};
				};
			};
			buildConfigurationList = 46D6AA45193CBD1300C1B094 /* Build configuration list for PBXProject "Blisst" */;
			compatibilityVersion = "Xcode 3.2";
			developmentRegion = English;
			hasScannedForEncodings = 0;
			knownRegions = (
				en,
			);
			mainGroup = 46D6AA41193CBD1300C1B094;
			productRefGroup = 46D6AA4B193CBD1300C1B094 /* Products */;
			projectDirPath = "";
			projectRoot = "";
			targets = (
				46D6AA49193CBD1300C1B094 /* Blisst */,
				46D6AA69193CBD1300C1B094 /* BlisstTests */,
			);
		};
/* End PBXProject section */

/* Begin PBXResourcesBuildPhase section */
		46D6AA48193CBD1300C1B094 /* Resources */ = {
			isa = PBXResourcesBuildPhase;
			buildActionMask = 2147483647;
			files = (
				46D6AA83193CBDD800C1B094 /* Main.storyboard in Resources */,
				46D6AA5A193CBD1300C1B094 /* InfoPlist.strings in Resources */,
				46D6AA65193CBD1300C1B094 /* Images.xcassets in Resources */,
			);
			runOnlyForDeploymentPostprocessing = 0;
		};
		46D6AA68193CBD1300C1B094 /* Resources */ = {
			isa = PBXResourcesBuildPhase;
			buildActionMask = 2147483647;
			files = (
				46D6AA77193CBD1300C1B094 /* InfoPlist.strings in Resources */,
			);
			runOnlyForDeploymentPostprocessing = 0;
		};
/* End PBXResourcesBuildPhase section */

/* Begin PBXSourcesBuildPhase section */
		46D6AA46193CBD1300C1B094 /* Sources */ = {
			isa = PBXSourcesBuildPhase;
			buildActionMask = 2147483647;
			files = (
				46D6AA5C193CBD1300C1B094 /* main.m in Sources */,
				46D6AA63193CBD1300C1B094 /* Blisst.xcdatamodeld in Sources */,
				46D6AA60193CBD1300C1B094 /* BAAppDelegate.m in Sources */,
				46D6AA86193CBE3000C1B094 /* BAListObject.m in Sources */,
				46D6AA8C193CC17F00C1B094 /* BAListTableViewController.m in Sources */,
				46D6AA89193CBE3900C1B094 /* BATaskObject.m in Sources */,
			);
			runOnlyForDeploymentPostprocessing = 0;
		};
		46D6AA66193CBD1300C1B094 /* Sources */ = {
			isa = PBXSourcesBuildPhase;
			buildActionMask = 2147483647;
			files = (
				46D6AA79193CBD1300C1B094 /* BlisstTests.m in Sources */,
			);
			runOnlyForDeploymentPostprocessing = 0;
		};
/* End PBXSourcesBuildPhase section */

/* Begin PBXTargetDependency section */
		46D6AA71193CBD1300C1B094 /* PBXTargetDependency */ = {
			isa = PBXTargetDependency;
			target = 46D6AA49193CBD1300C1B094 /* Blisst */;
			targetProxy = 46D6AA70193CBD1300C1B094 /* PBXContainerItemProxy */;
		};
/* End PBXTargetDependency section */

/* Begin PBXVariantGroup section */
		46D6AA58193CBD1300C1B094 /* InfoPlist.strings */ = {
			isa = PBXVariantGroup;
			children = (
				46D6AA59193CBD1300C1B094 /* en */,
			);
			name = InfoPlist.strings;
			sourceTree = "<group>";
		};
		46D6AA75193CBD1300C1B094 /* InfoPlist.strings */ = {
			isa = PBXVariantGroup;
			children = (
				46D6AA76193CBD1300C1B094 /* en */,
			);
			name = InfoPlist.strings;
			sourceTree = "<group>";
		};
/* End PBXVariantGroup section */

/* Begin XCBuildConfiguration section */
		46D6AA7A193CBD1300C1B094 /* Debug */ = {
			isa = XCBuildConfiguration;
			buildSettings = {
				ALWAYS_SEARCH_USER_PATHS = NO;
				CLANG_CXX_LANGUAGE_STANDARD = "gnu++0x";
				CLANG_CXX_LIBRARY = "libc++";
				CLANG_ENABLE_MODULES = YES;
				CLANG_ENABLE_OBJC_ARC = YES;
				CLANG_WARN_BOOL_CONVERSION = YES;
				CLANG_WARN_CONSTANT_CONVERSION = YES;
				CLANG_WARN_DIRECT_OBJC_ISA_USAGE = YES_ERROR;
				CLANG_WARN_EMPTY_BODY = YES;
				CLANG_WARN_ENUM_CONVERSION = YES;
				CLANG_WARN_INT_CONVERSION = YES;
				CLANG_WARN_OBJC_ROOT_CLASS = YES_ERROR;
				CLANG_WARN__DUPLICATE_METHOD_MATCH = YES;
				"CODE_SIGN_IDENTITY[sdk=iphoneos*]" = "iPhone Developer";
				COPY_PHASE_STRIP = NO;
				GCC_C_LANGUAGE_STANDARD = gnu99;
				GCC_DYNAMIC_NO_PIC = NO;
				GCC_OPTIMIZATION_LEVEL = 0;
				GCC_PREPROCESSOR_DEFINITIONS = (
					"DEBUG=1",
					"$(inherited)",
				);
				GCC_SYMBOLS_PRIVATE_EXTERN = NO;
				GCC_WARN_64_TO_32_BIT_CONVERSION = YES;
				GCC_WARN_ABOUT_RETURN_TYPE = YES_ERROR;
				GCC_WARN_UNDECLARED_SELECTOR = YES;
				GCC_WARN_UNINITIALIZED_AUTOS = YES_AGGRESSIVE;
				GCC_WARN_UNUSED_FUNCTION = YES;
				GCC_WARN_UNUSED_VARIABLE = YES;
				IPHONEOS_DEPLOYMENT_TARGET = 7.1;
				ONLY_ACTIVE_ARCH = YES;
				SDKROOT = iphoneos;
			};
			name = Debug;
		};
		46D6AA7B193CBD1300C1B094 /* Release */ = {
			isa = XCBuildConfiguration;
			buildSettings = {
				ALWAYS_SEARCH_USER_PATHS = NO;
				CLANG_CXX_LANGUAGE_STANDARD = "gnu++0x";
				CLANG_CXX_LIBRARY = "libc++";
				CLANG_ENABLE_MODULES = YES;
				CLANG_ENABLE_OBJC_ARC = YES;
				CLANG_WARN_BOOL_CONVERSION = YES;
				CLANG_WARN_CONSTANT_CONVERSION = YES;
				CLANG_WARN_DIRECT_OBJC_ISA_USAGE = YES_ERROR;
				CLANG_WARN_EMPTY_BODY = YES;
				CLANG_WARN_ENUM_CONVERSION = YES;
				CLANG_WARN_INT_CONVERSION = YES;
				CLANG_WARN_OBJC_ROOT_CLASS = YES_ERROR;
				CLANG_WARN__DUPLICATE_METHOD_MATCH = YES;
				"CODE_SIGN_IDENTITY[sdk=iphoneos*]" = "iPhone Developer";
				COPY_PHASE_STRIP = YES;
				ENABLE_NS_ASSERTIONS = NO;
				GCC_C_LANGUAGE_STANDARD = gnu99;
				GCC_WARN_64_TO_32_BIT_CONVERSION = YES;
				GCC_WARN_ABOUT_RETURN_TYPE = YES_ERROR;
				GCC_WARN_UNDECLARED_SELECTOR = YES;
				GCC_WARN_UNINITIALIZED_AUTOS = YES_AGGRESSIVE;
				GCC_WARN_UNUSED_FUNCTION = YES;
				GCC_WARN_UNUSED_VARIABLE = YES;
				IPHONEOS_DEPLOYMENT_TARGET = 7.1;
				SDKROOT = iphoneos;
				VALIDATE_PRODUCT = YES;
			};
			name = Release;
		};
		46D6AA7D193CBD1300C1B094 /* Debug */ = {
			isa = XCBuildConfiguration;
			buildSettings = {
				ASSETCATALOG_COMPILER_APPICON_NAME = AppIcon;
				ASSETCATALOG_COMPILER_LAUNCHIMAGE_NAME = LaunchImage;
				CODE_SIGN_IDENTITY = "iPhone Developer";
				"CODE_SIGN_IDENTITY[sdk=iphoneos*]" = "iPhone Developer";
				GCC_PRECOMPILE_PREFIX_HEADER = YES;
				GCC_PREFIX_HEADER = "Blisst/Blisst-Prefix.pch";
				INFOPLIST_FILE = "Blisst/Blisst-Info.plist";
				IPHONEOS_DEPLOYMENT_TARGET = 7.0;
				PRODUCT_NAME = "$(TARGET_NAME)";
				PROVISIONING_PROFILE = "";
				WRAPPER_EXTENSION = app;
			};
			name = Debug;
		};
		46D6AA7E193CBD1300C1B094 /* Release */ = {
			isa = XCBuildConfiguration;
			buildSettings = {
				ASSETCATALOG_COMPILER_APPICON_NAME = AppIcon;
				ASSETCATALOG_COMPILER_LAUNCHIMAGE_NAME = LaunchImage;
				CODE_SIGN_IDENTITY = "iPhone Developer";
				"CODE_SIGN_IDENTITY[sdk=iphoneos*]" = "iPhone Developer";
				GCC_PRECOMPILE_PREFIX_HEADER = YES;
				GCC_PREFIX_HEADER = "Blisst/Blisst-Prefix.pch";
				INFOPLIST_FILE = "Blisst/Blisst-Info.plist";
				IPHONEOS_DEPLOYMENT_TARGET = 7.0;
				PRODUCT_NAME = "$(TARGET_NAME)";
				PROVISIONING_PROFILE = "";
				WRAPPER_EXTENSION = app;
			};
			name = Release;
		};
		46D6AA80193CBD1300C1B094 /* Debug */ = {
			isa = XCBuildConfiguration;
			buildSettings = {
				BUNDLE_LOADER = "$(BUILT_PRODUCTS_DIR)/Blisst.app/Blisst";
				FRAMEWORK_SEARCH_PATHS = (
					"$(SDKROOT)/Developer/Library/Frameworks",
					"$(inherited)",
					"$(DEVELOPER_FRAMEWORKS_DIR)",
				);
				GCC_PRECOMPILE_PREFIX_HEADER = YES;
				GCC_PREFIX_HEADER = "Blisst/Blisst-Prefix.pch";
				GCC_PREPROCESSOR_DEFINITIONS = (
					"DEBUG=1",
					"$(inherited)",
				);
				INFOPLIST_FILE = "BlisstTests/BlisstTests-Info.plist";
				PRODUCT_NAME = "$(TARGET_NAME)";
				TEST_HOST = "$(BUNDLE_LOADER)";
				WRAPPER_EXTENSION = xctest;
			};
			name = Debug;
		};
		46D6AA81193CBD1300C1B094 /* Release */ = {
			isa = XCBuildConfiguration;
			buildSettings = {
				BUNDLE_LOADER = "$(BUILT_PRODUCTS_DIR)/Blisst.app/Blisst";
				FRAMEWORK_SEARCH_PATHS = (
					"$(SDKROOT)/Developer/Library/Frameworks",
					"$(inherited)",
					"$(DEVELOPER_FRAMEWORKS_DIR)",
				);
				GCC_PRECOMPILE_PREFIX_HEADER = YES;
				GCC_PREFIX_HEADER = "Blisst/Blisst-Prefix.pch";
				INFOPLIST_FILE = "BlisstTests/BlisstTests-Info.plist";
				PRODUCT_NAME = "$(TARGET_NAME)";
				TEST_HOST = "$(BUNDLE_LOADER)";
				WRAPPER_EXTENSION = xctest;
			};
			name = Release;
		};
/* End XCBuildConfiguration section */

/* Begin XCConfigurationList section */
		46D6AA45193CBD1300C1B094 /* Build configuration list for PBXProject "Blisst" */ = {
			isa = XCConfigurationList;
			buildConfigurations = (
				46D6AA7A193CBD1300C1B094 /* Debug */,
				46D6AA7B193CBD1300C1B094 /* Release */,
			);
			defaultConfigurationIsVisible = 0;
			defaultConfigurationName = Release;
		};
		46D6AA7C193CBD1300C1B094 /* Build configuration list for PBXNativeTarget "Blisst" */ = {
			isa = XCConfigurationList;
			buildConfigurations = (
				46D6AA7D193CBD1300C1B094 /* Debug */,
				46D6AA7E193CBD1300C1B094 /* Release */,
			);
			defaultConfigurationIsVisible = 0;
			defaultConfigurationName = Release;
		};
		46D6AA7F193CBD1300C1B094 /* Build configuration list for PBXNativeTarget "BlisstTests" */ = {
			isa = XCConfigurationList;
			buildConfigurations = (
				46D6AA80193CBD1300C1B094 /* Debug */,
				46D6AA81193CBD1300C1B094 /* Release */,
			);
			defaultConfigurationIsVisible = 0;
			defaultConfigurationName = Release;
		};
/* End XCConfigurationList section */

/* Begin XCVersionGroup section */
		46D6AA61193CBD1300C1B094 /* Blisst.xcdatamodeld */ = {
			isa = XCVersionGroup;
			children = (
				46D6AA62193CBD1300C1B094 /* Blisst.xcdatamodel */,
			);
			currentVersion = 46D6AA62193CBD1300C1B094 /* Blisst.xcdatamodel */;
			path = Blisst.xcdatamodeld;
			sourceTree = "<group>";
			versionGroupType = wrapper.xcdatamodel;
		};
/* End XCVersionGroup section */
	};
	rootObject = 46D6AA42193CBD1300C1B094 /* Project object */;
}
